<?xml version="1.0" encoding="utf-8"?>
<Project ToolsVersion="4.0" xmlns="http://schemas.microsoft.com/developer/msbuild/2003">
  <ItemGroup>
    <Filter Include="Inc">
      <UniqueIdentifier>{5c327e64-7eff-4754-81ca-ca384613ca12}</UniqueIdentifier>
    </Filter>
    <Filter Include="Src">
      <UniqueIdentifier>{16dc3fef-5681-4498-816b-d006d26e6ece}</UniqueIdentifier>
    </Filter>
  </ItemGroup>
  <ItemGroup>
    <ClCompile Include="MainLoop.cpp" />
    <ClCompile Include="Src\TrancendentalFunctions.cpp">
      <Filter>Src</Filter>
    </ClCompile>
  </ItemGroup>
  <ItemGroup>
    <ClInclude Include="Inc\TranscendentalFunctions.h">
      <Filter>Inc</Filter>
    </ClInclude>
  </ItemGroup>
</Project>